{
  "name": "use-package-ajs-for-node",
  "version": "1.0.0",
  "lockfileVersion": 2,
  "requires": true,
  "packages": {
    "": {
      "name": "use-package-ajs-for-node",
      "version": "1.0.0",
      "license": "ISC",
      "dependencies": {
        "@koensberg/ajs": "^1.0.0"
      }
    },
    "node_modules/@koensberg/ajs": {
      "version": "1.0.0",
      "resolved": "https://npm.pkg.github.com/download/@koensberg/ajs/1.0.0/adf21e32b72213ac68a8e9f4e9d6a8558b3762ff",
      "integrity": "sha512-BPPSOWI8HFeojIwVo4K4bmTeY2EwQ8GJnFSdKdMrg7Rv3+FItCEHi5LzmiPMTACoMFioPpZM3lNlf/wCGDPI4Q==",
      "license": "ISC"
    }
  },
  "dependencies": {
    "@koensberg/ajs": {
      "version": "1.0.0",
      "resolved": "https://npm.pkg.github.com/download/@koensberg/ajs/1.0.0/adf21e32b72213ac68a8e9f4e9d6a8558b3762ff",
      "integrity": "sha512-BPPSOWI8HFeojIwVo4K4bmTeY2EwQ8GJnFSdKdMrg7Rv3+FItCEHi5LzmiPMTACoMFioPpZM3lNlf/wCGDPI4Q=="
    }
  }
}
